// !$*UTF8*$!
{
	archiveVersion = 1;
	classes = {
	};
	objectVersion = 55;
	objects = {

/* Begin PBXBuildFile section */
		585C79DDF9171B487091824C /* Pods_Networking_NetworkingUITests.framework in Frameworks */ = {isa = PBXBuildFile; fileRef = 4BCEE37135235000180AEA10 /* Pods_Networking_NetworkingUITests.framework */; };
		5EF7850732ED0E3A90189C47 /* Pods_NetworkingTests.framework in Frameworks */ = {isa = PBXBuildFile; fileRef = CD5091849CD527EC967F9A07 /* Pods_NetworkingTests.framework */; };
		D948251F6E6C7CC9C034325C /* Pods_Networking.framework in Frameworks */ = {isa = PBXBuildFile; fileRef = FEA1C4BFDE600A970AE350DB /* Pods_Networking.framework */; };
		E804466F2719939300EA4BCA /* CollectionViewCell.swift in Sources */ = {isa = PBXBuildFile; fileRef = E804466E2719939300EA4BCA /* CollectionViewCell.swift */; };
		E80446712719952A00EA4BCA /* CoursesViewController.swift in Sources */ = {isa = PBXBuildFile; fileRef = E80446702719952A00EA4BCA /* CoursesViewController.swift */; };
		E804467327199B1A00EA4BCA /* WebViewController.swift in Sources */ = {isa = PBXBuildFile; fileRef = E804467227199B1A00EA4BCA /* WebViewController.swift */; };
		E804467527199D5300EA4BCA /* TableViewCell.swift in Sources */ = {isa = PBXBuildFile; fileRef = E804467427199D5300EA4BCA /* TableViewCell.swift */; };
		E804467727199FC200EA4BCA /* WebsiteDescription.swift in Sources */ = {isa = PBXBuildFile; fileRef = E804467627199FC200EA4BCA /* WebsiteDescription.swift */; };
		E8073A48271C2BDB00C06D9D /* ImageViewController.swift in Sources */ = {isa = PBXBuildFile; fileRef = E8073A47271C2BDB00C06D9D /* ImageViewController.swift */; };
		E8F58D0727218E4100AE7BF3 /* AlamofireNetworkRequest.swift in Sources */ = {isa = PBXBuildFile; fileRef = E8F58D0627218E4100AE7BF3 /* AlamofireNetworkRequest.swift */; };
		E8FC535C27187D630020F626 /* AppDelegate.swift in Sources */ = {isa = PBXBuildFile; fileRef = E8FC535B27187D630020F626 /* AppDelegate.swift */; };
		E8FC535E27187D630020F626 /* SceneDelegate.swift in Sources */ = {isa = PBXBuildFile; fileRef = E8FC535D27187D630020F626 /* SceneDelegate.swift */; };
		E8FC536327187D630020F626 /* Main.storyboard in Resources */ = {isa = PBXBuildFile; fileRef = E8FC536127187D630020F626 /* Main.storyboard */; };
		E8FC536527187D640020F626 /* Assets.xcassets in Resources */ = {isa = PBXBuildFile; fileRef = E8FC536427187D640020F626 /* Assets.xcassets */; };
		E8FC536827187D640020F626 /* LaunchScreen.storyboard in Resources */ = {isa = PBXBuildFile; fileRef = E8FC536627187D640020F626 /* LaunchScreen.storyboard */; };
		E8FC537327187D640020F626 /* NetworkingTests.swift in Sources */ = {isa = PBXBuildFile; fileRef = E8FC537227187D640020F626 /* NetworkingTests.swift */; };
		E8FC537D27187D640020F626 /* NetworkingUITests.swift in Sources */ = {isa = PBXBuildFile; fileRef = E8FC537C27187D640020F626 /* NetworkingUITests.swift */; };
		E8FC537F27187D640020F626 /* NetworkingUITestsLaunchTests.swift in Sources */ = {isa = PBXBuildFile; fileRef = E8FC537E27187D640020F626 /* NetworkingUITestsLaunchTests.swift */; };
		E8FC538C27187DBB0020F626 /* NetworkingManager.swift in Sources */ = {isa = PBXBuildFile; fileRef = E8FC538B27187DBB0020F626 /* NetworkingManager.swift */; };
		E8FC538E27187DED0020F626 /* MainViewController.swift in Sources */ = {isa = PBXBuildFile; fileRef = E8FC538D27187DED0020F626 /* MainViewController.swift */; };
		E8FC539027187EAD0020F626 /* DataProvider.swift in Sources */ = {isa = PBXBuildFile; fileRef = E8FC538F27187EAD0020F626 /* DataProvider.swift */; };
		E8FC53922718800D0020F626 /* ImageProperties.swift in Sources */ = {isa = PBXBuildFile; fileRef = E8FC53912718800D0020F626 /* ImageProperties.swift */; };
		E8FC53942718809A0020F626 /* Course.swift in Sources */ = {isa = PBXBuildFile; fileRef = E8FC53932718809A0020F626 /* Course.swift */; };
/* End PBXBuildFile section */

/* Begin PBXContainerItemProxy section */
		E8FC536F27187D640020F626 /* PBXContainerItemProxy */ = {
			isa = PBXContainerItemProxy;
			containerPortal = E8FC535027187D630020F626 /* Project object */;
			proxyType = 1;
			remoteGlobalIDString = E8FC535727187D630020F626;
			remoteInfo = Networking;
		};
		E8FC537927187D640020F626 /* PBXContainerItemProxy */ = {
			isa = PBXContainerItemProxy;
			containerPortal = E8FC535027187D630020F626 /* Project object */;
			proxyType = 1;
			remoteGlobalIDString = E8FC535727187D630020F626;
			remoteInfo = Networking;
		};
/* End PBXContainerItemProxy section */

/* Begin PBXFileReference section */
		4BCEE37135235000180AEA10 /* Pods_Networking_NetworkingUITests.framework */ = {isa = PBXFileReference; explicitFileType = wrapper.framework; includeInIndex = 0; path = Pods_Networking_NetworkingUITests.framework; sourceTree = BUILT_PRODUCTS_DIR; };
		50ED7A21DC62E8ED022246F9 /* Pods-Networking.release.xcconfig */ = {isa = PBXFileReference; includeInIndex = 1; lastKnownFileType = text.xcconfig; name = "Pods-Networking.release.xcconfig"; path = "Target Support Files/Pods-Networking/Pods-Networking.release.xcconfig"; sourceTree = "<group>"; };
		59069DCBB274ADC7D762EA5F /* Pods-NetworkingTests.debug.xcconfig */ = {isa = PBXFileReference; includeInIndex = 1; lastKnownFileType = text.xcconfig; name = "Pods-NetworkingTests.debug.xcconfig"; path = "Target Support Files/Pods-NetworkingTests/Pods-NetworkingTests.debug.xcconfig"; sourceTree = "<group>"; };
		650E5234CA192A18A4522F8D /* Pods-Networking-NetworkingUITests.release.xcconfig */ = {isa = PBXFileReference; includeInIndex = 1; lastKnownFileType = text.xcconfig; name = "Pods-Networking-NetworkingUITests.release.xcconfig"; path = "Target Support Files/Pods-Networking-NetworkingUITests/Pods-Networking-NetworkingUITests.release.xcconfig"; sourceTree = "<group>"; };
		9C390233E4967CEBC94EBF5C /* Pods-Networking.debug.xcconfig */ = {isa = PBXFileReference; includeInIndex = 1; lastKnownFileType = text.xcconfig; name = "Pods-Networking.debug.xcconfig"; path = "Target Support Files/Pods-Networking/Pods-Networking.debug.xcconfig"; sourceTree = "<group>"; };
		BCD48254E575B395C8C1B2F9 /* Pods-Networking-NetworkingUITests.debug.xcconfig */ = {isa = PBXFileReference; includeInIndex = 1; lastKnownFileType = text.xcconfig; name = "Pods-Networking-NetworkingUITests.debug.xcconfig"; path = "Target Support Files/Pods-Networking-NetworkingUITests/Pods-Networking-NetworkingUITests.debug.xcconfig"; sourceTree = "<group>"; };
		CD5091849CD527EC967F9A07 /* Pods_NetworkingTests.framework */ = {isa = PBXFileReference; explicitFileType = wrapper.framework; includeInIndex = 0; path = Pods_NetworkingTests.framework; sourceTree = BUILT_PRODUCTS_DIR; };
		DD73919FC909911E36C8B9DD /* Pods-NetworkingTests.release.xcconfig */ = {isa = PBXFileReference; includeInIndex = 1; lastKnownFileType = text.xcconfig; name = "Pods-NetworkingTests.release.xcconfig"; path = "Target Support Files/Pods-NetworkingTests/Pods-NetworkingTests.release.xcconfig"; sourceTree = "<group>"; };
		E804466E2719939300EA4BCA /* CollectionViewCell.swift */ = {isa = PBXFileReference; lastKnownFileType = sourcecode.swift; path = CollectionViewCell.swift; sourceTree = "<group>"; };
		E80446702719952A00EA4BCA /* CoursesViewController.swift */ = {isa = PBXFileReference; lastKnownFileType = sourcecode.swift; path = CoursesViewController.swift; sourceTree = "<group>"; };
		E804467227199B1A00EA4BCA /* WebViewController.swift */ = {isa = PBXFileReference; lastKnownFileType = sourcecode.swift; path = WebViewController.swift; sourceTree = "<group>"; };
		E804467427199D5300EA4BCA /* TableViewCell.swift */ = {isa = PBXFileReference; lastKnownFileType = sourcecode.swift; path = TableViewCell.swift; sourceTree = "<group>"; };
		E804467627199FC200EA4BCA /* WebsiteDescription.swift */ = {isa = PBXFileReference; lastKnownFileType = sourcecode.swift; path = WebsiteDescription.swift; sourceTree = "<group>"; };
		E8073A47271C2BDB00C06D9D /* ImageViewController.swift */ = {isa = PBXFileReference; lastKnownFileType = sourcecode.swift; path = ImageViewController.swift; sourceTree = "<group>"; };
		E8F58D0627218E4100AE7BF3 /* AlamofireNetworkRequest.swift */ = {isa = PBXFileReference; lastKnownFileType = sourcecode.swift; path = AlamofireNetworkRequest.swift; sourceTree = "<group>"; };
		E8FC535827187D630020F626 /* Networking.app */ = {isa = PBXFileReference; explicitFileType = wrapper.application; includeInIndex = 0; path = Networking.app; sourceTree = BUILT_PRODUCTS_DIR; };
		E8FC535B27187D630020F626 /* AppDelegate.swift */ = {isa = PBXFileReference; lastKnownFileType = sourcecode.swift; path = AppDelegate.swift; sourceTree = "<group>"; };
		E8FC535D27187D630020F626 /* SceneDelegate.swift */ = {isa = PBXFileReference; lastKnownFileType = sourcecode.swift; path = SceneDelegate.swift; sourceTree = "<group>"; };
		E8FC536227187D630020F626 /* Base */ = {isa = PBXFileReference; lastKnownFileType = file.storyboard; name = Base; path = Base.lproj/Main.storyboard; sourceTree = "<group>"; };
		E8FC536427187D640020F626 /* Assets.xcassets */ = {isa = PBXFileReference; lastKnownFileType = folder.assetcatalog; path = Assets.xcassets; sourceTree = "<group>"; };
		E8FC536727187D640020F626 /* Base */ = {isa = PBXFileReference; lastKnownFileType = file.storyboard; name = Base; path = Base.lproj/LaunchScreen.storyboard; sourceTree = "<group>"; };
		E8FC536927187D640020F626 /* Info.plist */ = {isa = PBXFileReference; lastKnownFileType = text.plist.xml; path = Info.plist; sourceTree = "<group>"; };
		E8FC536E27187D640020F626 /* NetworkingTests.xctest */ = {isa = PBXFileReference; explicitFileType = wrapper.cfbundle; includeInIndex = 0; path = NetworkingTests.xctest; sourceTree = BUILT_PRODUCTS_DIR; };
		E8FC537227187D640020F626 /* NetworkingTests.swift */ = {isa = PBXFileReference; lastKnownFileType = sourcecode.swift; path = NetworkingTests.swift; sourceTree = "<group>"; };
		E8FC537827187D640020F626 /* NetworkingUITests.xctest */ = {isa = PBXFileReference; explicitFileType = wrapper.cfbundle; includeInIndex = 0; path = NetworkingUITests.xctest; sourceTree = BUILT_PRODUCTS_DIR; };
		E8FC537C27187D640020F626 /* NetworkingUITests.swift */ = {isa = PBXFileReference; lastKnownFileType = sourcecode.swift; path = NetworkingUITests.swift; sourceTree = "<group>"; };
		E8FC537E27187D640020F626 /* NetworkingUITestsLaunchTests.swift */ = {isa = PBXFileReference; lastKnownFileType = sourcecode.swift; path = NetworkingUITestsLaunchTests.swift; sourceTree = "<group>"; };
		E8FC538B27187DBB0020F626 /* NetworkingManager.swift */ = {isa = PBXFileReference; lastKnownFileType = sourcecode.swift; path = NetworkingManager.swift; sourceTree = "<group>"; };
		E8FC538D27187DED0020F626 /* MainViewController.swift */ = {isa = PBXFileReference; lastKnownFileType = sourcecode.swift; path = MainViewController.swift; sourceTree = "<group>"; };
		E8FC538F27187EAD0020F626 /* DataProvider.swift */ = {isa = PBXFileReference; lastKnownFileType = sourcecode.swift; path = DataProvider.swift; sourceTree = "<group>"; };
		E8FC53912718800D0020F626 /* ImageProperties.swift */ = {isa = PBXFileReference; lastKnownFileType = sourcecode.swift; path = ImageProperties.swift; sourceTree = "<group>"; };
		E8FC53932718809A0020F626 /* Course.swift */ = {isa = PBXFileReference; lastKnownFileType = sourcecode.swift; path = Course.swift; sourceTree = "<group>"; };
		FEA1C4BFDE600A970AE350DB /* Pods_Networking.framework */ = {isa = PBXFileReference; explicitFileType = wrapper.framework; includeInIndex = 0; path = Pods_Networking.framework; sourceTree = BUILT_PRODUCTS_DIR; };
/* End PBXFileReference section */

/* Begin PBXFrameworksBuildPhase section */
		E8FC535527187D630020F626 /* Frameworks */ = {
			isa = PBXFrameworksBuildPhase;
			buildActionMask = 2147483647;
			files = (
				D948251F6E6C7CC9C034325C /* Pods_Networking.framework in Frameworks */,
			);
			runOnlyForDeploymentPostprocessing = 0;
		};
		E8FC536B27187D640020F626 /* Frameworks */ = {
			isa = PBXFrameworksBuildPhase;
			buildActionMask = 2147483647;
			files = (
				5EF7850732ED0E3A90189C47 /* Pods_NetworkingTests.framework in Frameworks */,
			);
			runOnlyForDeploymentPostprocessing = 0;
		};
		E8FC537527187D640020F626 /* Frameworks */ = {
			isa = PBXFrameworksBuildPhase;
			buildActionMask = 2147483647;
			files = (
				585C79DDF9171B487091824C /* Pods_Networking_NetworkingUITests.framework in Frameworks */,
			);
			runOnlyForDeploymentPostprocessing = 0;
		};
/* End PBXFrameworksBuildPhase section */

/* Begin PBXGroup section */
		3F4FB846E94562347A077C5C /* Pods */ = {
			isa = PBXGroup;
			children = (
				9C390233E4967CEBC94EBF5C /* Pods-Networking.debug.xcconfig */,
				50ED7A21DC62E8ED022246F9 /* Pods-Networking.release.xcconfig */,
				BCD48254E575B395C8C1B2F9 /* Pods-Networking-NetworkingUITests.debug.xcconfig */,
				650E5234CA192A18A4522F8D /* Pods-Networking-NetworkingUITests.release.xcconfig */,
				59069DCBB274ADC7D762EA5F /* Pods-NetworkingTests.debug.xcconfig */,
				DD73919FC909911E36C8B9DD /* Pods-NetworkingTests.release.xcconfig */,
			);
			path = Pods;
			sourceTree = "<group>";
		};
		5DFAFEFC868F42C4EA56FD5D /* Frameworks */ = {
			isa = PBXGroup;
			children = (
				FEA1C4BFDE600A970AE350DB /* Pods_Networking.framework */,
				4BCEE37135235000180AEA10 /* Pods_Networking_NetworkingUITests.framework */,
				CD5091849CD527EC967F9A07 /* Pods_NetworkingTests.framework */,
			);
			name = Frameworks;
			sourceTree = "<group>";
		};
		E8FC534F27187D630020F626 = {
			isa = PBXGroup;
			children = (
				E8FC535A27187D630020F626 /* Networking */,
				E8FC537127187D640020F626 /* NetworkingTests */,
				E8FC537B27187D640020F626 /* NetworkingUITests */,
				E8FC535927187D630020F626 /* Products */,
				3F4FB846E94562347A077C5C /* Pods */,
				5DFAFEFC868F42C4EA56FD5D /* Frameworks */,
			);
			sourceTree = "<group>";
		};
		E8FC535927187D630020F626 /* Products */ = {
			isa = PBXGroup;
			children = (
				E8FC535827187D630020F626 /* Networking.app */,
				E8FC536E27187D640020F626 /* NetworkingTests.xctest */,
				E8FC537827187D640020F626 /* NetworkingUITests.xctest */,
			);
			name = Products;
			sourceTree = "<group>";
		};
		E8FC535A27187D630020F626 /* Networking */ = {
			isa = PBXGroup;
			children = (
				E8FC535B27187D630020F626 /* AppDelegate.swift */,
				E8FC538D27187DED0020F626 /* MainViewController.swift */,
				E8FC538B27187DBB0020F626 /* NetworkingManager.swift */,
				E8F58D0627218E4100AE7BF3 /* AlamofireNetworkRequest.swift */,
				E8FC53912718800D0020F626 /* ImageProperties.swift */,
				E804467627199FC200EA4BCA /* WebsiteDescription.swift */,
				E8FC53932718809A0020F626 /* Course.swift */,
				E8FC535D27187D630020F626 /* SceneDelegate.swift */,
				E8FC536127187D630020F626 /* Main.storyboard */,
				E8073A47271C2BDB00C06D9D /* ImageViewController.swift */,
				E804467427199D5300EA4BCA /* TableViewCell.swift */,
				E80446702719952A00EA4BCA /* CoursesViewController.swift */,
				E804467227199B1A00EA4BCA /* WebViewController.swift */,
				E804466E2719939300EA4BCA /* CollectionViewCell.swift */,
				E8FC536427187D640020F626 /* Assets.xcassets */,
				E8FC536627187D640020F626 /* LaunchScreen.storyboard */,
				E8FC536927187D640020F626 /* Info.plist */,
				E8FC538F27187EAD0020F626 /* DataProvider.swift */,
			);
			path = Networking;
			sourceTree = "<group>";
		};
		E8FC537127187D640020F626 /* NetworkingTests */ = {
			isa = PBXGroup;
			children = (
				E8FC537227187D640020F626 /* NetworkingTests.swift */,
			);
			path = NetworkingTests;
			sourceTree = "<group>";
		};
		E8FC537B27187D640020F626 /* NetworkingUITests */ = {
			isa = PBXGroup;
			children = (
				E8FC537C27187D640020F626 /* NetworkingUITests.swift */,
				E8FC537E27187D640020F626 /* NetworkingUITestsLaunchTests.swift */,
			);
			path = NetworkingUITests;
			sourceTree = "<group>";
		};
/* End PBXGroup section */

/* Begin PBXNativeTarget section */
		E8FC535727187D630020F626 /* Networking */ = {
			isa = PBXNativeTarget;
			buildConfigurationList = E8FC538227187D640020F626 /* Build configuration list for PBXNativeTarget "Networking" */;
			buildPhases = (
				B9734EAAC2EE57ADAC6E6372 /* [CP] Check Pods Manifest.lock */,
				E8FC535427187D630020F626 /* Sources */,
				E8FC535527187D630020F626 /* Frameworks */,
				E8FC535627187D630020F626 /* Resources */,
				B503B2808407720074105EC3 /* [CP] Embed Pods Frameworks */,
			);
			buildRules = (
			);
			dependencies = (
			);
			name = Networking;
			productName = Networking;
			productReference = E8FC535827187D630020F626 /* Networking.app */;
			productType = "com.apple.product-type.application";
		};
		E8FC536D27187D640020F626 /* NetworkingTests */ = {
			isa = PBXNativeTarget;
			buildConfigurationList = E8FC538527187D640020F626 /* Build configuration list for PBXNativeTarget "NetworkingTests" */;
			buildPhases = (
				B2B8D80584C0CA1D16DFBFA3 /* [CP] Check Pods Manifest.lock */,
				E8FC536A27187D640020F626 /* Sources */,
				E8FC536B27187D640020F626 /* Frameworks */,
				E8FC536C27187D640020F626 /* Resources */,
			);
			buildRules = (
			);
			dependencies = (
				E8FC537027187D640020F626 /* PBXTargetDependency */,
			);
			name = NetworkingTests;
			productName = NetworkingTests;
			productReference = E8FC536E27187D640020F626 /* NetworkingTests.xctest */;
			productType = "com.apple.product-type.bundle.unit-test";
		};
		E8FC537727187D640020F626 /* NetworkingUITests */ = {
			isa = PBXNativeTarget;
			buildConfigurationList = E8FC538827187D640020F626 /* Build configuration list for PBXNativeTarget "NetworkingUITests" */;
			buildPhases = (
				E4ECA7AA7B1B1A9164E1BA50 /* [CP] Check Pods Manifest.lock */,
				E8FC537427187D640020F626 /* Sources */,
				E8FC537527187D640020F626 /* Frameworks */,
				E8FC537627187D640020F626 /* Resources */,
				D9EFA6199F29F29CB65898B9 /* [CP] Embed Pods Frameworks */,
			);
			buildRules = (
			);
			dependencies = (
				E8FC537A27187D640020F626 /* PBXTargetDependency */,
			);
			name = NetworkingUITests;
			productName = NetworkingUITests;
			productReference = E8FC537827187D640020F626 /* NetworkingUITests.xctest */;
			productType = "com.apple.product-type.bundle.ui-testing";
		};
/* End PBXNativeTarget section */

/* Begin PBXProject section */
		E8FC535027187D630020F626 /* Project object */ = {
			isa = PBXProject;
			attributes = {
				BuildIndependentTargetsInParallel = 1;
				LastSwiftUpdateCheck = 1300;
				LastUpgradeCheck = 1300;
				TargetAttributes = {
					E8FC535727187D630020F626 = {
						CreatedOnToolsVersion = 13.0;
					};
					E8FC536D27187D640020F626 = {
						CreatedOnToolsVersion = 13.0;
						TestTargetID = E8FC535727187D630020F626;
					};
					E8FC537727187D640020F626 = {
						CreatedOnToolsVersion = 13.0;
						TestTargetID = E8FC535727187D630020F626;
					};
				};
			};
			buildConfigurationList = E8FC535327187D630020F626 /* Build configuration list for PBXProject "Networking" */;
			compatibilityVersion = "Xcode 13.0";
			developmentRegion = en;
			hasScannedForEncodings = 0;
			knownRegions = (
				en,
				Base,
			);
			mainGroup = E8FC534F27187D630020F626;
			productRefGroup = E8FC535927187D630020F626 /* Products */;
			projectDirPath = "";
			projectRoot = "";
			targets = (
				E8FC535727187D630020F626 /* Networking */,
				E8FC536D27187D640020F626 /* NetworkingTests */,
				E8FC537727187D640020F626 /* NetworkingUITests */,
			);
		};
/* End PBXProject section */

/* Begin PBXResourcesBuildPhase section */
		E8FC535627187D630020F626 /* Resources */ = {
			isa = PBXResourcesBuildPhase;
			buildActionMask = 2147483647;
			files = (
				E8FC536827187D640020F626 /* LaunchScreen.storyboard in Resources */,
				E8FC536527187D640020F626 /* Assets.xcassets in Resources */,
				E8FC536327187D630020F626 /* Main.storyboard in Resources */,
			);
			runOnlyForDeploymentPostprocessing = 0;
		};
		E8FC536C27187D640020F626 /* Resources */ = {
			isa = PBXResourcesBuildPhase;
			buildActionMask = 2147483647;
			files = (
			);
			runOnlyForDeploymentPostprocessing = 0;
		};
		E8FC537627187D640020F626 /* Resources */ = {
			isa = PBXResourcesBuildPhase;
			buildActionMask = 2147483647;
			files = (
			);
			runOnlyForDeploymentPostprocessing = 0;
		};
/* End PBXResourcesBuildPhase section */

/* Begin PBXShellScriptBuildPhase section */
		B2B8D80584C0CA1D16DFBFA3 /* [CP] Check Pods Manifest.lock */ = {
			isa = PBXShellScriptBuildPhase;
			buildActionMask = 2147483647;
			files = (
			);
			inputFileListPaths = (
			);
			inputPaths = (
				"${PODS_PODFILE_DIR_PATH}/Podfile.lock",
				"${PODS_ROOT}/Manifest.lock",
			);
			name = "[CP] Check Pods Manifest.lock";
			outputFileListPaths = (
			);
			outputPaths = (
				"$(DERIVED_FILE_DIR)/Pods-NetworkingTests-checkManifestLockResult.txt",
			);
			runOnlyForDeploymentPostprocessing = 0;
			shellPath = /bin/sh;
			shellScript = "diff \"${PODS_PODFILE_DIR_PATH}/Podfile.lock\" \"${PODS_ROOT}/Manifest.lock\" > /dev/null\nif [ $? != 0 ] ; then\n    # print error to STDERR\n    echo \"error: The sandbox is not in sync with the Podfile.lock. Run 'pod install' or update your CocoaPods installation.\" >&2\n    exit 1\nfi\n# This output is used by Xcode 'outputs' to avoid re-running this script phase.\necho \"SUCCESS\" > \"${SCRIPT_OUTPUT_FILE_0}\"\n";
			showEnvVarsInLog = 0;
		};
		B503B2808407720074105EC3 /* [CP] Embed Pods Frameworks */ = {
			isa = PBXShellScriptBuildPhase;
			buildActionMask = 2147483647;
			files = (
			);
			inputFileListPaths = (
				"${PODS_ROOT}/Target Support Files/Pods-Networking/Pods-Networking-frameworks-${CONFIGURATION}-input-files.xcfilelist",
			);
			name = "[CP] Embed Pods Frameworks";
			outputFileListPaths = (
				"${PODS_ROOT}/Target Support Files/Pods-Networking/Pods-Networking-frameworks-${CONFIGURATION}-output-files.xcfilelist",
			);
			runOnlyForDeploymentPostprocessing = 0;
			shellPath = /bin/sh;
			shellScript = "\"${PODS_ROOT}/Target Support Files/Pods-Networking/Pods-Networking-frameworks.sh\"\n";
			showEnvVarsInLog = 0;
		};
		B9734EAAC2EE57ADAC6E6372 /* [CP] Check Pods Manifest.lock */ = {
			isa = PBXShellScriptBuildPhase;
			buildActionMask = 2147483647;
			files = (
			);
			inputFileListPaths = (
			);
			inputPaths = (
				"${PODS_PODFILE_DIR_PATH}/Podfile.lock",
				"${PODS_ROOT}/Manifest.lock",
			);
			name = "[CP] Check Pods Manifest.lock";
			outputFileListPaths = (
			);
			outputPaths = (
				"$(DERIVED_FILE_DIR)/Pods-Networking-checkManifestLockResult.txt",
			);
			runOnlyForDeploymentPostprocessing = 0;
			shellPath = /bin/sh;
			shellScript = "diff \"${PODS_PODFILE_DIR_PATH}/Podfile.lock\" \"${PODS_ROOT}/Manifest.lock\" > /dev/null\nif [ $? != 0 ] ; then\n    # print error to STDERR\n    echo \"error: The sandbox is not in sync with the Podfile.lock. Run 'pod install' or update your CocoaPods installation.\" >&2\n    exit 1\nfi\n# This output is used by Xcode 'outputs' to avoid re-running this script phase.\necho \"SUCCESS\" > \"${SCRIPT_OUTPUT_FILE_0}\"\n";
			showEnvVarsInLog = 0;
		};
		D9EFA6199F29F29CB65898B9 /* [CP] Embed Pods Frameworks */ = {
			isa = PBXShellScriptBuildPhase;
			buildActionMask = 2147483647;
			files = (
			);
			inputFileListPaths = (
				"${PODS_ROOT}/Target Support Files/Pods-Networking-NetworkingUITests/Pods-Networking-NetworkingUITests-frameworks-${CONFIGURATION}-input-files.xcfilelist",
			);
			name = "[CP] Embed Pods Frameworks";
			outputFileListPaths = (
				"${PODS_ROOT}/Target Support Files/Pods-Networking-NetworkingUITests/Pods-Networking-NetworkingUITests-frameworks-${CONFIGURATION}-output-files.xcfilelist",
			);
			runOnlyForDeploymentPostprocessing = 0;
			shellPath = /bin/sh;
			shellScript = "\"${PODS_ROOT}/Target Support Files/Pods-Networking-NetworkingUITests/Pods-Networking-NetworkingUITests-frameworks.sh\"\n";
			showEnvVarsInLog = 0;
		};
		E4ECA7AA7B1B1A9164E1BA50 /* [CP] Check Pods Manifest.lock */ = {
			isa = PBXShellScriptBuildPhase;
			buildActionMask = 2147483647;
			files = (
			);
			inputFileListPaths = (
			);
			inputPaths = (
				"${PODS_PODFILE_DIR_PATH}/Podfile.lock",
				"${PODS_ROOT}/Manifest.lock",
			);
			name = "[CP] Check Pods Manifest.lock";
			outputFileListPaths = (
			);
			outputPaths = (
				"$(DERIVED_FILE_DIR)/Pods-Networking-NetworkingUITests-checkManifestLockResult.txt",
			);
			runOnlyForDeploymentPostprocessing = 0;
			shellPath = /bin/sh;
			shellScript = "diff \"${PODS_PODFILE_DIR_PATH}/Podfile.lock\" \"${PODS_ROOT}/Manifest.lock\" > /dev/null\nif [ $? != 0 ] ; then\n    # print error to STDERR\n    echo \"error: The sandbox is not in sync with the Podfile.lock. Run 'pod install' or update your CocoaPods installation.\" >&2\n    exit 1\nfi\n# This output is used by Xcode 'outputs' to avoid re-running this script phase.\necho \"SUCCESS\" > \"${SCRIPT_OUTPUT_FILE_0}\"\n";
			showEnvVarsInLog = 0;
		};
/* End PBXShellScriptBuildPhase section */

/* Begin PBXSourcesBuildPhase section */
		E8FC535427187D630020F626 /* Sources */ = {
			isa = PBXSourcesBuildPhase;
			buildActionMask = 2147483647;
			files = (
				E8FC53942718809A0020F626 /* Course.swift in Sources */,
				E804467327199B1A00EA4BCA /* WebViewController.swift in Sources */,
				E8FC539027187EAD0020F626 /* DataProvider.swift in Sources */,
				E804466F2719939300EA4BCA /* CollectionViewCell.swift in Sources */,
				E8FC538C27187DBB0020F626 /* NetworkingManager.swift in Sources */,
				E804467727199FC200EA4BCA /* WebsiteDescription.swift in Sources */,
				E8073A48271C2BDB00C06D9D /* ImageViewController.swift in Sources */,
				E8F58D0727218E4100AE7BF3 /* AlamofireNetworkRequest.swift in Sources */,
				E8FC535C27187D630020F626 /* AppDelegate.swift in Sources */,
				E8FC535E27187D630020F626 /* SceneDelegate.swift in Sources */,
				E8FC538E27187DED0020F626 /* MainViewController.swift in Sources */,
				E804467527199D5300EA4BCA /* TableViewCell.swift in Sources */,
				E8FC53922718800D0020F626 /* ImageProperties.swift in Sources */,
				E80446712719952A00EA4BCA /* CoursesViewController.swift in Sources */,
			);
			runOnlyForDeploymentPostprocessing = 0;
		};
		E8FC536A27187D640020F626 /* Sources */ = {
			isa = PBXSourcesBuildPhase;
			buildActionMask = 2147483647;
			files = (
				E8FC537327187D640020F626 /* NetworkingTests.swift in Sources */,
			);
			runOnlyForDeploymentPostprocessing = 0;
		};
		E8FC537427187D640020F626 /* Sources */ = {
			isa = PBXSourcesBuildPhase;
			buildActionMask = 2147483647;
			files = (
				E8FC537F27187D640020F626 /* NetworkingUITestsLaunchTests.swift in Sources */,
				E8FC537D27187D640020F626 /* NetworkingUITests.swift in Sources */,
			);
			runOnlyForDeploymentPostprocessing = 0;
		};
/* End PBXSourcesBuildPhase section */

/* Begin PBXTargetDependency section */
		E8FC537027187D640020F626 /* PBXTargetDependency */ = {
			isa = PBXTargetDependency;
			target = E8FC535727187D630020F626 /* Networking */;
			targetProxy = E8FC536F27187D640020F626 /* PBXContainerItemProxy */;
		};
		E8FC537A27187D640020F626 /* PBXTargetDependency */ = {
			isa = PBXTargetDependency;
			target = E8FC535727187D630020F626 /* Networking */;
			targetProxy = E8FC537927187D640020F626 /* PBXContainerItemProxy */;
		};
/* End PBXTargetDependency section */

/* Begin PBXVariantGroup section */
		E8FC536127187D630020F626 /* Main.storyboard */ = {
			isa = PBXVariantGroup;
			children = (
				E8FC536227187D630020F626 /* Base */,
			);
			name = Main.storyboard;
			sourceTree = "<group>";
		};
		E8FC536627187D640020F626 /* LaunchScreen.storyboard */ = {
			isa = PBXVariantGroup;
			children = (
				E8FC536727187D640020F626 /* Base */,
			);
			name = LaunchScreen.storyboard;
			sourceTree = "<group>";
		};
/* End PBXVariantGroup section */

/* Begin XCBuildConfiguration section */
		E8FC538027187D640020F626 /* Debug */ = {
			isa = XCBuildConfiguration;
			buildSettings = {
				ALWAYS_SEARCH_USER_PATHS = NO;
				CLANG_ANALYZER_NONNULL = YES;
				CLANG_ANALYZER_NUMBER_OBJECT_CONVERSION = YES_AGGRESSIVE;
				CLANG_CXX_LANGUAGE_STANDARD = "gnu++17";
				CLANG_CXX_LIBRARY = "libc++";
				CLANG_ENABLE_MODULES = YES;
				CLANG_ENABLE_OBJC_ARC = YES;
				CLANG_ENABLE_OBJC_WEAK = YES;
				CLANG_WARN_BLOCK_CAPTURE_AUTORELEASING = YES;
				CLANG_WARN_BOOL_CONVERSION = YES;
				CLANG_WARN_COMMA = YES;
				CLANG_WARN_CONSTANT_CONVERSION = YES;
				CLANG_WARN_DEPRECATED_OBJC_IMPLEMENTATIONS = YES;
				CLANG_WARN_DIRECT_OBJC_ISA_USAGE = YES_ERROR;
				CLANG_WARN_DOCUMENTATION_COMMENTS = YES;
				CLANG_WARN_EMPTY_BODY = YES;
				CLANG_WARN_ENUM_CONVERSION = YES;
				CLANG_WARN_INFINITE_RECURSION = YES;
				CLANG_WARN_INT_CONVERSION = YES;
				CLANG_WARN_NON_LITERAL_NULL_CONVERSION = YES;
				CLANG_WARN_OBJC_IMPLICIT_RETAIN_SELF = YES;
				CLANG_WARN_OBJC_LITERAL_CONVERSION = YES;
				CLANG_WARN_OBJC_ROOT_CLASS = YES_ERROR;
				CLANG_WARN_QUOTED_INCLUDE_IN_FRAMEWORK_HEADER = YES;
				CLANG_WARN_RANGE_LOOP_ANALYSIS = YES;
				CLANG_WARN_STRICT_PROTOTYPES = YES;
				CLANG_WARN_SUSPICIOUS_MOVE = YES;
				CLANG_WARN_UNGUARDED_AVAILABILITY = YES_AGGRESSIVE;
				CLANG_WARN_UNREACHABLE_CODE = YES;
				CLANG_WARN__DUPLICATE_METHOD_MATCH = YES;
				COPY_PHASE_STRIP = NO;
				DEBUG_INFORMATION_FORMAT = dwarf;
				ENABLE_STRICT_OBJC_MSGSEND = YES;
				ENABLE_TESTABILITY = YES;
				GCC_C_LANGUAGE_STANDARD = gnu11;
				GCC_DYNAMIC_NO_PIC = NO;
				GCC_NO_COMMON_BLOCKS = YES;
				GCC_OPTIMIZATION_LEVEL = 0;
				GCC_PREPROCESSOR_DEFINITIONS = (
					"DEBUG=1",
					"$(inherited)",
				);
				GCC_WARN_64_TO_32_BIT_CONVERSION = YES;
				GCC_WARN_ABOUT_RETURN_TYPE = YES_ERROR;
				GCC_WARN_UNDECLARED_SELECTOR = YES;
				GCC_WARN_UNINITIALIZED_AUTOS = YES_AGGRESSIVE;
				GCC_WARN_UNUSED_FUNCTION = YES;
				GCC_WARN_UNUSED_VARIABLE = YES;
				IPHONEOS_DEPLOYMENT_TARGET = 15.0;
				MTL_ENABLE_DEBUG_INFO = INCLUDE_SOURCE;
				MTL_FAST_MATH = YES;
				ONLY_ACTIVE_ARCH = YES;
				SDKROOT = iphoneos;
				SWIFT_ACTIVE_COMPILATION_CONDITIONS = DEBUG;
				SWIFT_OPTIMIZATION_LEVEL = "-Onone";
			};
			name = Debug;
		};
		E8FC538127187D640020F626 /* Release */ = {
			isa = XCBuildConfiguration;
			buildSettings = {
				ALWAYS_SEARCH_USER_PATHS = NO;
				CLANG_ANALYZER_NONNULL = YES;
				CLANG_ANALYZER_NUMBER_OBJECT_CONVERSION = YES_AGGRESSIVE;
				CLANG_CXX_LANGUAGE_STANDARD = "gnu++17";
				CLANG_CXX_LIBRARY = "libc++";
				CLANG_ENABLE_MODULES = YES;
				CLANG_ENABLE_OBJC_ARC = YES;
				CLANG_ENABLE_OBJC_WEAK = YES;
				CLANG_WARN_BLOCK_CAPTURE_AUTORELEASING = YES;
				CLANG_WARN_BOOL_CONVERSION = YES;
				CLANG_WARN_COMMA = YES;
				CLANG_WARN_CONSTANT_CONVERSION = YES;
				CLANG_WARN_DEPRECATED_OBJC_IMPLEMENTATIONS = YES;
				CLANG_WARN_DIRECT_OBJC_ISA_USAGE = YES_ERROR;
				CLANG_WARN_DOCUMENTATION_COMMENTS = YES;
				CLANG_WARN_EMPTY_BODY = YES;
				CLANG_WARN_ENUM_CONVERSION = YES;
				CLANG_WARN_INFINITE_RECURSION = YES;
				CLANG_WARN_INT_CONVERSION = YES;
				CLANG_WARN_NON_LITERAL_NULL_CONVERSION = YES;
				CLANG_WARN_OBJC_IMPLICIT_RETAIN_SELF = YES;
				CLANG_WARN_OBJC_LITERAL_CONVERSION = YES;
				CLANG_WARN_OBJC_ROOT_CLASS = YES_ERROR;
				CLANG_WARN_QUOTED_INCLUDE_IN_FRAMEWORK_HEADER = YES;
				CLANG_WARN_RANGE_LOOP_ANALYSIS = YES;
				CLANG_WARN_STRICT_PROTOTYPES = YES;
				CLANG_WARN_SUSPICIOUS_MOVE = YES;
				CLANG_WARN_UNGUARDED_AVAILABILITY = YES_AGGRESSIVE;
				CLANG_WARN_UNREACHABLE_CODE = YES;
				CLANG_WARN__DUPLICATE_METHOD_MATCH = YES;
				COPY_PHASE_STRIP = NO;
				DEBUG_INFORMATION_FORMAT = "dwarf-with-dsym";
				ENABLE_NS_ASSERTIONS = NO;
				ENABLE_STRICT_OBJC_MSGSEND = YES;
				GCC_C_LANGUAGE_STANDARD = gnu11;
				GCC_NO_COMMON_BLOCKS = YES;
				GCC_WARN_64_TO_32_BIT_CONVERSION = YES;
				GCC_WARN_ABOUT_RETURN_TYPE = YES_ERROR;
				GCC_WARN_UNDECLARED_SELECTOR = YES;
				GCC_WARN_UNINITIALIZED_AUTOS = YES_AGGRESSIVE;
				GCC_WARN_UNUSED_FUNCTION = YES;
				GCC_WARN_UNUSED_VARIABLE = YES;
				IPHONEOS_DEPLOYMENT_TARGET = 15.0;
				MTL_ENABLE_DEBUG_INFO = NO;
				MTL_FAST_MATH = YES;
				SDKROOT = iphoneos;
				SWIFT_COMPILATION_MODE = wholemodule;
				SWIFT_OPTIMIZATION_LEVEL = "-O";
				VALIDATE_PRODUCT = YES;
			};
			name = Release;
		};
		E8FC538327187D640020F626 /* Debug */ = {
			isa = XCBuildConfiguration;
			baseConfigurationReference = 9C390233E4967CEBC94EBF5C /* Pods-Networking.debug.xcconfig */;
			buildSettings = {
				ASSETCATALOG_COMPILER_APPICON_NAME = AppIcon;
				ASSETCATALOG_COMPILER_GLOBAL_ACCENT_COLOR_NAME = AccentColor;
				CODE_SIGN_STYLE = Automatic;
				CURRENT_PROJECT_VERSION = 1;
				DEVELOPMENT_TEAM = VMLJ6G75K8;
				GENERATE_INFOPLIST_FILE = YES;
				INFOPLIST_FILE = Networking/Info.plist;
				INFOPLIST_KEY_UIApplicationSupportsIndirectInputEvents = YES;
				INFOPLIST_KEY_UILaunchStoryboardName = LaunchScreen;
				INFOPLIST_KEY_UIMainStoryboardFile = Main;
				INFOPLIST_KEY_UISupportedInterfaceOrientations_iPad = "UIInterfaceOrientationPortrait UIInterfaceOrientationPortraitUpsideDown UIInterfaceOrientationLandscapeLeft UIInterfaceOrientationLandscapeRight";
				INFOPLIST_KEY_UISupportedInterfaceOrientations_iPhone = "UIInterfaceOrientationPortrait UIInterfaceOrientationLandscapeLeft UIInterfaceOrientationLandscapeRight";
				LD_RUNPATH_SEARCH_PATHS = (
					"$(inherited)",
					"@executable_path/Frameworks",
				);
				MARKETING_VERSION = 1.0;
				PRODUCT_BUNDLE_IDENTIFIER = Sokoltsov.Networking;
				PRODUCT_NAME = "$(TARGET_NAME)";
				SWIFT_EMIT_LOC_STRINGS = YES;
				SWIFT_VERSION = 5.0;
				TARGETED_DEVICE_FAMILY = "1,2";
			};
			name = Debug;
		};
		E8FC538427187D640020F626 /* Release */ = {
			isa = XCBuildConfiguration;
			baseConfigurationReference = 50ED7A21DC62E8ED022246F9 /* Pods-Networking.release.xcconfig */;
			buildSettings = {
				ASSETCATALOG_COMPILER_APPICON_NAME = AppIcon;
				ASSETCATALOG_COMPILER_GLOBAL_ACCENT_COLOR_NAME = AccentColor;
				CODE_SIGN_STYLE = Automatic;
				CURRENT_PROJECT_VERSION = 1;
				DEVELOPMENT_TEAM = VMLJ6G75K8;
				GENERATE_INFOPLIST_FILE = YES;
				INFOPLIST_FILE = Networking/Info.plist;
				INFOPLIST_KEY_UIApplicationSupportsIndirectInputEvents = YES;
				INFOPLIST_KEY_UILaunchStoryboardName = LaunchScreen;
				INFOPLIST_KEY_UIMainStoryboardFile = Main;
				INFOPLIST_KEY_UISupportedInterfaceOrientations_iPad = "UIInterfaceOrientationPortrait UIInterfaceOrientationPortraitUpsideDown UIInterfaceOrientationLandscapeLeft UIInterfaceOrientationLandscapeRight";
				INFOPLIST_KEY_UISupportedInterfaceOrientations_iPhone = "UIInterfaceOrientationPortrait UIInterfaceOrientationLandscapeLeft UIInterfaceOrientationLandscapeRight";
				LD_RUNPATH_SEARCH_PATHS = (
					"$(inherited)",
					"@executable_path/Frameworks",
				);
				MARKETING_VERSION = 1.0;
				PRODUCT_BUNDLE_IDENTIFIER = Sokoltsov.Networking;
				PRODUCT_NAME = "$(TARGET_NAME)";
				SWIFT_EMIT_LOC_STRINGS = YES;
				SWIFT_VERSION = 5.0;
				TARGETED_DEVICE_FAMILY = "1,2";
			};
			name = Release;
		};
		E8FC538627187D640020F626 /* Debug */ = {
			isa = XCBuildConfiguration;
			baseConfigurationReference = 59069DCBB274ADC7D762EA5F /* Pods-NetworkingTests.debug.xcconfig */;
			buildSettings = {
				ALWAYS_EMBED_SWIFT_STANDARD_LIBRARIES = YES;
				BUNDLE_LOADER = "$(TEST_HOST)";
				CODE_SIGN_STYLE = Automatic;
				CURRENT_PROJECT_VERSION = 1;
				DEVELOPMENT_TEAM = VMLJ6G75K8;
				GENERATE_INFOPLIST_FILE = YES;
				IPHONEOS_DEPLOYMENT_TARGET = 15.0;
				LD_RUNPATH_SEARCH_PATHS = (
					"$(inherited)",
					"@executable_path/Frameworks",
					"@loader_path/Frameworks",
				);
				MARKETING_VERSION = 1.0;
				PRODUCT_BUNDLE_IDENTIFIER = Sokoltsov.NetworkingTests;
				PRODUCT_NAME = "$(TARGET_NAME)";
				SWIFT_EMIT_LOC_STRINGS = NO;
				SWIFT_VERSION = 5.0;
				TARGETED_DEVICE_FAMILY = "1,2";
				TEST_HOST = "$(BUILT_PRODUCTS_DIR)/Networking.app/Networking";
			};
			name = Debug;
		};
		E8FC538727187D640020F626 /* Release */ = {
			isa = XCBuildConfiguration;
			baseConfigurationReference = DD73919FC909911E36C8B9DD /* Pods-NetworkingTests.release.xcconfig */;
			buildSettings = {
				ALWAYS_EMBED_SWIFT_STANDARD_LIBRARIES = YES;
				BUNDLE_LOADER = "$(TEST_HOST)";
				CODE_SIGN_STYLE = Automatic;
				CURRENT_PROJECT_VERSION = 1;
				DEVELOPMENT_TEAM = VMLJ6G75K8;
				GENERATE_INFOPLIST_FILE = YES;
				IPHONEOS_DEPLOYMENT_TARGET = 15.0;
				LD_RUNPATH_SEARCH_PATHS = (
					"$(inherited)",
					"@executable_path/Frameworks",
					"@loader_path/Frameworks",
				);
				MARKETING_VERSION = 1.0;
				PRODUCT_BUNDLE_IDENTIFIER = Sokoltsov.NetworkingTests;
				PRODUCT_NAME = "$(TARGET_NAME)";
				SWIFT_EMIT_LOC_STRINGS = NO;
				SWIFT_VERSION = 5.0;
				TARGETED_DEVICE_FAMILY = "1,2";
				TEST_HOST = "$(BUILT_PRODUCTS_DIR)/Networking.app/Networking";
			};
			name = Release;
		};
		E8FC538927187D640020F626 /* Debug */ = {
			isa = XCBuildConfiguration;
			baseConfigurationReference = BCD48254E575B395C8C1B2F9 /* Pods-Networking-NetworkingUITests.debug.xcconfig */;
			buildSettings = {
				ALWAYS_EMBED_SWIFT_STANDARD_LIBRARIES = YES;
				CODE_SIGN_STYLE = Automatic;
				CURRENT_PROJECT_VERSION = 1;
				DEVELOPMENT_TEAM = VMLJ6G75K8;
				GENERATE_INFOPLIST_FILE = YES;
				LD_RUNPATH_SEARCH_PATHS = (
					"$(inherited)",
					"@executable_path/Frameworks",
					"@loader_path/Frameworks",
				);
				MARKETING_VERSION = 1.0;
				PRODUCT_BUNDLE_IDENTIFIER = Sokoltsov.NetworkingUITests;
				PRODUCT_NAME = "$(TARGET_NAME)";
				SWIFT_EMIT_LOC_STRINGS = NO;
				SWIFT_VERSION = 5.0;
				TARGETED_DEVICE_FAMILY = "1,2";
				TEST_TARGET_NAME = Networking;
			};
			name = Debug;
		};
		E8FC538A27187D640020F626 /* Release */ = {
			isa = XCBuildConfiguration;
			baseConfigurationReference = 650E5234CA192A18A4522F8D /* Pods-Networking-NetworkingUITests.release.xcconfig */;
			buildSettings = {
				ALWAYS_EMBED_SWIFT_STANDARD_LIBRARIES = YES;
				CODE_SIGN_STYLE = Automatic;
				CURRENT_PROJECT_VERSION = 1;
				DEVELOPMENT_TEAM = VMLJ6G75K8;
				GENERATE_INFOPLIST_FILE = YES;
				LD_RUNPATH_SEARCH_PATHS = (
					"$(inherited)",
					"@executable_path/Frameworks",
					"@loader_path/Frameworks",
				);
				MARKETING_VERSION = 1.0;
				PRODUCT_BUNDLE_IDENTIFIER = Sokoltsov.NetworkingUITests;
				PRODUCT_NAME = "$(TARGET_NAME)";
				SWIFT_EMIT_LOC_STRINGS = NO;
				SWIFT_VERSION = 5.0;
				TARGETED_DEVICE_FAMILY = "1,2";
				TEST_TARGET_NAME = Networking;
			};
			name = Release;
		};
/* End XCBuildConfiguration section */

/* Begin XCConfigurationList section */
		E8FC535327187D630020F626 /* Build configuration list for PBXProject "Networking" */ = {
			isa = XCConfigurationList;
			buildConfigurations = (
				E8FC538027187D640020F626 /* Debug */,
				E8FC538127187D640020F626 /* Release */,
			);
			defaultConfigurationIsVisible = 0;
			defaultConfigurationName = Release;
		};
		E8FC538227187D640020F626 /* Build configuration list for PBXNativeTarget "Networking" */ = {
			isa = XCConfigurationList;
			buildConfigurations = (
				E8FC538327187D640020F626 /* Debug */,
				E8FC538427187D640020F626 /* Release */,
			);
			defaultConfigurationIsVisible = 0;
			defaultConfigurationName = Release;
		};
		E8FC538527187D640020F626 /* Build configuration list for PBXNativeTarget "NetworkingTests" */ = {
			isa = XCConfigurationList;
			buildConfigurations = (
				E8FC538627187D640020F626 /* Debug */,
				E8FC538727187D640020F626 /* Release */,
			);
			defaultConfigurationIsVisible = 0;
			defaultConfigurationName = Release;
		};
		E8FC538827187D640020F626 /* Build configuration list for PBXNativeTarget "NetworkingUITests" */ = {
			isa = XCConfigurationList;
			buildConfigurations = (
				E8FC538927187D640020F626 /* Debug */,
				E8FC538A27187D640020F626 /* Release */,
			);
			defaultConfigurationIsVisible = 0;
			defaultConfigurationName = Release;
		};
/* End XCConfigurationList section */
	};
	rootObject = E8FC535027187D630020F626 /* Project object */;
}
